// !$*UTF8*$!
{
	archiveVersion = 1;
	classes = {
	};
	objectVersion = 46;
	objects = {

/* Begin PBXBuildFile section */
		B8006964189D8207001F03BD /* finishFlag22.png in Resources */ = {isa = PBXBuildFile; fileRef = B8006962189D8207001F03BD /* finishFlag22.png */; };
		B8006965189D8207001F03BD /* finishFlag22@2x.png in Resources */ = {isa = PBXBuildFile; fileRef = B8006963189D8207001F03BD /* finishFlag22@2x.png */; };
		B802CC54189EB131006D607C /* info.png in Resources */ = {isa = PBXBuildFile; fileRef = B802CC52189EB131006D607C /* info.png */; };
		B802CC55189EB131006D607C /* info@2x.png in Resources */ = {isa = PBXBuildFile; fileRef = B802CC53189EB131006D607C /* info@2x.png */; };
		B802CC58189EBCC1006D607C /* XYZInfoViewController.m in Sources */ = {isa = PBXBuildFile; fileRef = B802CC57189EBCC1006D607C /* XYZInfoViewController.m */; };
		B802CC5B189EC47D006D607C /* xbutton.png in Resources */ = {isa = PBXBuildFile; fileRef = B802CC59189EC47D006D607C /* xbutton.png */; };
		B802CC5C189EC47D006D607C /* xbutton@2x.png in Resources */ = {isa = PBXBuildFile; fileRef = B802CC5A189EC47D006D607C /* xbutton@2x.png */; };
		B802CC5F189ECEFA006D607C /* info2.png in Resources */ = {isa = PBXBuildFile; fileRef = B802CC5D189ECEFA006D607C /* info2.png */; };
		B802CC60189ECEFA006D607C /* info2@2x.png in Resources */ = {isa = PBXBuildFile; fileRef = B802CC5E189ECEFA006D607C /* info2@2x.png */; };
		B802CC63189ED285006D607C /* backButton.png in Resources */ = {isa = PBXBuildFile; fileRef = B802CC61189ED285006D607C /* backButton.png */; };
		B802CC64189ED285006D607C /* backButton@2x.png in Resources */ = {isa = PBXBuildFile; fileRef = B802CC62189ED285006D607C /* backButton@2x.png */; };
		B802CC67189ED8E8006D607C /* email.png in Resources */ = {isa = PBXBuildFile; fileRef = B802CC65189ED8E8006D607C /* email.png */; };
		B802CC68189ED8E8006D607C /* email@2x.png in Resources */ = {isa = PBXBuildFile; fileRef = B802CC66189ED8E8006D607C /* email@2x.png */; };
		B802CC6B189EE19A006D607C /* folder22-wide.png in Resources */ = {isa = PBXBuildFile; fileRef = B802CC69189EE19A006D607C /* folder22-wide.png */; };
		B802CC6C189EE19A006D607C /* folder22-wide@2x.png in Resources */ = {isa = PBXBuildFile; fileRef = B802CC6A189EE19A006D607C /* folder22-wide@2x.png */; };
		B802CC73189EEC91006D607C /* compose.png in Resources */ = {isa = PBXBuildFile; fileRef = B802CC71189EEC91006D607C /* compose.png */; };
		B802CC74189EEC91006D607C /* compose@2x.png in Resources */ = {isa = PBXBuildFile; fileRef = B802CC72189EEC91006D607C /* compose@2x.png */; };
		B802CC77189EF146006D607C /* XYZGlobalContainer.m in Sources */ = {isa = PBXBuildFile; fileRef = B802CC76189EF146006D607C /* XYZGlobalContainer.m */; };
		B802CC7A189EF180006D607C /* XYZToDoItem.m in Sources */ = {isa = PBXBuildFile; fileRef = B802CC79189EF180006D607C /* XYZToDoItem.m */; };
		B806B730189BD14600C19AC0 /* Foundation.framework in Frameworks */ = {isa = PBXBuildFile; fileRef = B806B72F189BD14600C19AC0 /* Foundation.framework */; };
		B806B732189BD14600C19AC0 /* CoreGraphics.framework in Frameworks */ = {isa = PBXBuildFile; fileRef = B806B731189BD14600C19AC0 /* CoreGraphics.framework */; };
		B806B734189BD14600C19AC0 /* UIKit.framework in Frameworks */ = {isa = PBXBuildFile; fileRef = B806B733189BD14600C19AC0 /* UIKit.framework */; };
		B806B73A189BD14600C19AC0 /* InfoPlist.strings in Resources */ = {isa = PBXBuildFile; fileRef = B806B738189BD14600C19AC0 /* InfoPlist.strings */; };
		B806B73C189BD14600C19AC0 /* main.m in Sources */ = {isa = PBXBuildFile; fileRef = B806B73B189BD14600C19AC0 /* main.m */; };
		B806B740189BD14600C19AC0 /* XYZAppDelegate.m in Sources */ = {isa = PBXBuildFile; fileRef = B806B73F189BD14600C19AC0 /* XYZAppDelegate.m */; };
		B806B748189BD14600C19AC0 /* Images.xcassets in Resources */ = {isa = PBXBuildFile; fileRef = B806B747189BD14600C19AC0 /* Images.xcassets */; };
		B806B74F189BD14600C19AC0 /* XCTest.framework in Frameworks */ = {isa = PBXBuildFile; fileRef = B806B74E189BD14600C19AC0 /* XCTest.framework */; };
		B806B750189BD14600C19AC0 /* Foundation.framework in Frameworks */ = {isa = PBXBuildFile; fileRef = B806B72F189BD14600C19AC0 /* Foundation.framework */; };
		B806B751189BD14600C19AC0 /* UIKit.framework in Frameworks */ = {isa = PBXBuildFile; fileRef = B806B733189BD14600C19AC0 /* UIKit.framework */; };
		B806B759189BD14600C19AC0 /* InfoPlist.strings in Resources */ = {isa = PBXBuildFile; fileRef = B806B757189BD14600C19AC0 /* InfoPlist.strings */; };
		B806B75B189BD14600C19AC0 /* ListMe2Tests.m in Sources */ = {isa = PBXBuildFile; fileRef = B806B75A189BD14600C19AC0 /* ListMe2Tests.m */; };
		B806B766189BD1A600C19AC0 /* XYZMainViewController.m in Sources */ = {isa = PBXBuildFile; fileRef = B806B765189BD1A600C19AC0 /* XYZMainViewController.m */; };
		B8094179189DAE5700FE81EB /* crateM1.png in Resources */ = {isa = PBXBuildFile; fileRef = B8094177189DAE5700FE81EB /* crateM1.png */; };
		B809417A189DAE5700FE81EB /* crateM1@2x.png in Resources */ = {isa = PBXBuildFile; fileRef = B8094178189DAE5700FE81EB /* crateM1@2x.png */; };
		B8361BF1189FFA6400787AE5 /* NSString+IsEmpty.m in Sources */ = {isa = PBXBuildFile; fileRef = B8361BF0189FFA6400787AE5 /* NSString+IsEmpty.m */; };
		B8361BFB18A0020200787AE5 /* XYZMainViewController+GestureRecognizers.m in Sources */ = {isa = PBXBuildFile; fileRef = B8361BFA18A0020200787AE5 /* XYZMainViewController+GestureRecognizers.m */; };
		B87FC11D189D859400AF60FD /* bin222M.png in Resources */ = {isa = PBXBuildFile; fileRef = B87FC119189D859400AF60FD /* bin222M.png */; };
		B87FC11E189D859400AF60FD /* bin222M@2x.png in Resources */ = {isa = PBXBuildFile; fileRef = B87FC11A189D859400AF60FD /* bin222M@2x.png */; };
		B87FC11F189D859400AF60FD /* folder22.png in Resources */ = {isa = PBXBuildFile; fileRef = B87FC11B189D859400AF60FD /* folder22.png */; };
		B87FC120189D859400AF60FD /* folder22@2x.png in Resources */ = {isa = PBXBuildFile; fileRef = B87FC11C189D859400AF60FD /* folder22@2x.png */; };
		B87FC123189D8ACF00AF60FD /* crateM.png in Resources */ = {isa = PBXBuildFile; fileRef = B87FC121189D8ACF00AF60FD /* crateM.png */; };
		B87FC124189D8ACF00AF60FD /* crateM@2x.png in Resources */ = {isa = PBXBuildFile; fileRef = B87FC122189D8ACF00AF60FD /* crateM@2x.png */; };
		B895D270189E7EC400BAF7FB /* Main.storyboard in Resources */ = {isa = PBXBuildFile; fileRef = B895D26F189E7EC400BAF7FB /* Main.storyboard */; };
		B895D276189E863200BAF7FB /* XYZTopEditNavigationController.m in Sources */ = {isa = PBXBuildFile; fileRef = B895D275189E863200BAF7FB /* XYZTopEditNavigationController.m */; };
		B895D279189E877800BAF7FB /* XYZTopEditTableViewController.m in Sources */ = {isa = PBXBuildFile; fileRef = B895D278189E877800BAF7FB /* XYZTopEditTableViewController.m */; };
		B895D27C189E919D00BAF7FB /* XYZTopViewController.m in Sources */ = {isa = PBXBuildFile; fileRef = B895D27B189E919D00BAF7FB /* XYZTopViewController.m */; };
		B8AB0649189C1D6700E81E4F /* XYZOberViewController.m in Sources */ = {isa = PBXBuildFile; fileRef = B8AB0648189C1D6700E81E4F /* XYZOberViewController.m */; };
		B8B95852189FD8E6007928BB /* clear-button-114.png in Resources */ = {isa = PBXBuildFile; fileRef = B8B95851189FD8E6007928BB /* clear-button-114.png */; };
		B8B95855189FDE1E007928BB /* XYZTopEditTableViewController+TapRecognizer.m in Sources */ = {isa = PBXBuildFile; fileRef = B8B95854189FDE1E007928BB /* XYZTopEditTableViewController+TapRecognizer.m */; };
		B8BA195218A03FED00EB49A1 /* BVReorderTableView.m in Sources */ = {isa = PBXBuildFile; fileRef = B8BA195118A03FED00EB49A1 /* BVReorderTableView.m */; };
/* End PBXBuildFile section */

/* Begin PBXContainerItemProxy section */
		B806B752189BD14600C19AC0 /* PBXContainerItemProxy */ = {
			isa = PBXContainerItemProxy;
			containerPortal = B806B724189BD14600C19AC0 /* Project object */;
			proxyType = 1;
			remoteGlobalIDString = B806B72B189BD14600C19AC0;
			remoteInfo = ListMe2;
		};
/* End PBXContainerItemProxy section */

/* Begin PBXFileReference section */
		B8006962189D8207001F03BD /* finishFlag22.png */ = {isa = PBXFileReference; lastKnownFileType = image.png; name = finishFlag22.png; path = ListMe2/Icons/finishFlag22.png; sourceTree = "<group>"; };
		B8006963189D8207001F03BD /* finishFlag22@2x.png */ = {isa = PBXFileReference; lastKnownFileType = image.png; name = "finishFlag22@2x.png"; path = "ListMe2/Icons/finishFlag22@2x.png"; sourceTree = "<group>"; };
		B802CC52189EB131006D607C /* info.png */ = {isa = PBXFileReference; lastKnownFileType = image.png; name = info.png; path = ListMe2/Icons/info.png; sourceTree = "<group>"; };
		B802CC53189EB131006D607C /* info@2x.png */ = {isa = PBXFileReference; lastKnownFileType = image.png; name = "info@2x.png"; path = "ListMe2/Icons/info@2x.png"; sourceTree = "<group>"; };
		B802CC56189EBCC1006D607C /* XYZInfoViewController.h */ = {isa = PBXFileReference; fileEncoding = 4; lastKnownFileType = sourcecode.c.h; name = XYZInfoViewController.h; path = ../XYZInfoViewController.h; sourceTree = "<group>"; };
		B802CC57189EBCC1006D607C /* XYZInfoViewController.m */ = {isa = PBXFileReference; fileEncoding = 4; lastKnownFileType = sourcecode.c.objc; name = XYZInfoViewController.m; path = ../XYZInfoViewController.m; sourceTree = "<group>"; };
		B802CC59189EC47D006D607C /* xbutton.png */ = {isa = PBXFileReference; lastKnownFileType = image.png; name = xbutton.png; path = ListMe2/Icons/xbutton.png; sourceTree = "<group>"; };
		B802CC5A189EC47D006D607C /* xbutton@2x.png */ = {isa = PBXFileReference; lastKnownFileType = image.png; name = "xbutton@2x.png"; path = "ListMe2/Icons/xbutton@2x.png"; sourceTree = "<group>"; };
		B802CC5D189ECEFA006D607C /* info2.png */ = {isa = PBXFileReference; lastKnownFileType = image.png; name = info2.png; path = ListMe2/Icons/info2.png; sourceTree = "<group>"; };
		B802CC5E189ECEFA006D607C /* info2@2x.png */ = {isa = PBXFileReference; lastKnownFileType = image.png; name = "info2@2x.png"; path = "ListMe2/Icons/info2@2x.png"; sourceTree = "<group>"; };
		B802CC61189ED285006D607C /* backButton.png */ = {isa = PBXFileReference; lastKnownFileType = image.png; name = backButton.png; path = ListMe2/Icons/backButton.png; sourceTree = "<group>"; };
		B802CC62189ED285006D607C /* backButton@2x.png */ = {isa = PBXFileReference; lastKnownFileType = image.png; name = "backButton@2x.png"; path = "ListMe2/Icons/backButton@2x.png"; sourceTree = "<group>"; };
		B802CC65189ED8E8006D607C /* email.png */ = {isa = PBXFileReference; lastKnownFileType = image.png; name = email.png; path = ListMe2/Icons/email.png; sourceTree = "<group>"; };
		B802CC66189ED8E8006D607C /* email@2x.png */ = {isa = PBXFileReference; lastKnownFileType = image.png; name = "email@2x.png"; path = "ListMe2/Icons/email@2x.png"; sourceTree = "<group>"; };
		B802CC69189EE19A006D607C /* folder22-wide.png */ = {isa = PBXFileReference; lastKnownFileType = image.png; name = "folder22-wide.png"; path = "ListMe2/Icons/folder22-wide.png"; sourceTree = "<group>"; };
		B802CC6A189EE19A006D607C /* folder22-wide@2x.png */ = {isa = PBXFileReference; lastKnownFileType = image.png; name = "folder22-wide@2x.png"; path = "ListMe2/Icons/folder22-wide@2x.png"; sourceTree = "<group>"; };
		B802CC71189EEC91006D607C /* compose.png */ = {isa = PBXFileReference; lastKnownFileType = image.png; name = compose.png; path = ListMe2/Icons/compose.png; sourceTree = "<group>"; };
		B802CC72189EEC91006D607C /* compose@2x.png */ = {isa = PBXFileReference; lastKnownFileType = image.png; name = "compose@2x.png"; path = "ListMe2/Icons/compose@2x.png"; sourceTree = "<group>"; };
		B802CC75189EF146006D607C /* XYZGlobalContainer.h */ = {isa = PBXFileReference; fileEncoding = 4; lastKnownFileType = sourcecode.c.h; path = XYZGlobalContainer.h; sourceTree = "<group>"; };
		B802CC76189EF146006D607C /* XYZGlobalContainer.m */ = {isa = PBXFileReference; fileEncoding = 4; lastKnownFileType = sourcecode.c.objc; path = XYZGlobalContainer.m; sourceTree = "<group>"; };
		B802CC78189EF180006D607C /* XYZToDoItem.h */ = {isa = PBXFileReference; fileEncoding = 4; lastKnownFileType = sourcecode.c.h; path = XYZToDoItem.h; sourceTree = "<group>"; };
		B802CC79189EF180006D607C /* XYZToDoItem.m */ = {isa = PBXFileReference; fileEncoding = 4; lastKnownFileType = sourcecode.c.objc; path = XYZToDoItem.m; sourceTree = "<group>"; };
		B806B72C189BD14600C19AC0 /* ListMe2.app */ = {isa = PBXFileReference; explicitFileType = wrapper.application; includeInIndex = 0; path = ListMe2.app; sourceTree = BUILT_PRODUCTS_DIR; };
		B806B72F189BD14600C19AC0 /* Foundation.framework */ = {isa = PBXFileReference; lastKnownFileType = wrapper.framework; name = Foundation.framework; path = System/Library/Frameworks/Foundation.framework; sourceTree = SDKROOT; };
		B806B731189BD14600C19AC0 /* CoreGraphics.framework */ = {isa = PBXFileReference; lastKnownFileType = wrapper.framework; name = CoreGraphics.framework; path = System/Library/Frameworks/CoreGraphics.framework; sourceTree = SDKROOT; };
		B806B733189BD14600C19AC0 /* UIKit.framework */ = {isa = PBXFileReference; lastKnownFileType = wrapper.framework; name = UIKit.framework; path = System/Library/Frameworks/UIKit.framework; sourceTree = SDKROOT; };
		B806B737189BD14600C19AC0 /* ListMe2-Info.plist */ = {isa = PBXFileReference; lastKnownFileType = text.plist.xml; path = "ListMe2-Info.plist"; sourceTree = "<group>"; };
		B806B739189BD14600C19AC0 /* en */ = {isa = PBXFileReference; lastKnownFileType = text.plist.strings; name = en; path = en.lproj/InfoPlist.strings; sourceTree = "<group>"; };
		B806B73B189BD14600C19AC0 /* main.m */ = {isa = PBXFileReference; lastKnownFileType = sourcecode.c.objc; path = main.m; sourceTree = "<group>"; };
		B806B73D189BD14600C19AC0 /* ListMe2-Prefix.pch */ = {isa = PBXFileReference; lastKnownFileType = sourcecode.c.h; path = "ListMe2-Prefix.pch"; sourceTree = "<group>"; };
		B806B73E189BD14600C19AC0 /* XYZAppDelegate.h */ = {isa = PBXFileReference; lastKnownFileType = sourcecode.c.h; path = XYZAppDelegate.h; sourceTree = "<group>"; };
		B806B73F189BD14600C19AC0 /* XYZAppDelegate.m */ = {isa = PBXFileReference; lastKnownFileType = sourcecode.c.objc; path = XYZAppDelegate.m; sourceTree = "<group>"; };
		B806B747189BD14600C19AC0 /* Images.xcassets */ = {isa = PBXFileReference; lastKnownFileType = folder.assetcatalog; path = Images.xcassets; sourceTree = "<group>"; };
		B806B74D189BD14600C19AC0 /* ListMe2Tests.xctest */ = {isa = PBXFileReference; explicitFileType = wrapper.cfbundle; includeInIndex = 0; path = ListMe2Tests.xctest; sourceTree = BUILT_PRODUCTS_DIR; };
		B806B74E189BD14600C19AC0 /* XCTest.framework */ = {isa = PBXFileReference; lastKnownFileType = wrapper.framework; name = XCTest.framework; path = Library/Frameworks/XCTest.framework; sourceTree = DEVELOPER_DIR; };
		B806B756189BD14600C19AC0 /* ListMe2Tests-Info.plist */ = {isa = PBXFileReference; lastKnownFileType = text.plist.xml; path = "ListMe2Tests-Info.plist"; sourceTree = "<group>"; };
		B806B758189BD14600C19AC0 /* en */ = {isa = PBXFileReference; lastKnownFileType = text.plist.strings; name = en; path = en.lproj/InfoPlist.strings; sourceTree = "<group>"; };
		B806B75A189BD14600C19AC0 /* ListMe2Tests.m */ = {isa = PBXFileReference; lastKnownFileType = sourcecode.c.objc; path = ListMe2Tests.m; sourceTree = "<group>"; };
		B806B764189BD1A600C19AC0 /* XYZMainViewController.h */ = {isa = PBXFileReference; fileEncoding = 4; lastKnownFileType = sourcecode.c.h; path = XYZMainViewController.h; sourceTree = "<group>"; };
		B806B765189BD1A600C19AC0 /* XYZMainViewController.m */ = {isa = PBXFileReference; fileEncoding = 4; lastKnownFileType = sourcecode.c.objc; path = XYZMainViewController.m; sourceTree = "<group>"; };
		B8094177189DAE5700FE81EB /* crateM1.png */ = {isa = PBXFileReference; lastKnownFileType = image.png; name = crateM1.png; path = ListMe2/Icons/crateM1.png; sourceTree = "<group>"; };
		B8094178189DAE5700FE81EB /* crateM1@2x.png */ = {isa = PBXFileReference; lastKnownFileType = image.png; name = "crateM1@2x.png"; path = "ListMe2/Icons/crateM1@2x.png"; sourceTree = "<group>"; };
		B8361BEF189FFA6400787AE5 /* NSString+IsEmpty.h */ = {isa = PBXFileReference; fileEncoding = 4; lastKnownFileType = sourcecode.c.h; path = "NSString+IsEmpty.h"; sourceTree = "<group>"; };
		B8361BF0189FFA6400787AE5 /* NSString+IsEmpty.m */ = {isa = PBXFileReference; fileEncoding = 4; lastKnownFileType = sourcecode.c.objc; path = "NSString+IsEmpty.m"; sourceTree = "<group>"; };
		B8361BF918A0020200787AE5 /* XYZMainViewController+GestureRecognizers.h */ = {isa = PBXFileReference; fileEncoding = 4; lastKnownFileType = sourcecode.c.h; path = "XYZMainViewController+GestureRecognizers.h"; sourceTree = "<group>"; };
		B8361BFA18A0020200787AE5 /* XYZMainViewController+GestureRecognizers.m */ = {isa = PBXFileReference; fileEncoding = 4; lastKnownFileType = sourcecode.c.objc; path = "XYZMainViewController+GestureRecognizers.m"; sourceTree = "<group>"; };
		B87FC119189D859400AF60FD /* bin222M.png */ = {isa = PBXFileReference; lastKnownFileType = image.png; name = bin222M.png; path = ListMe2/Icons/bin222M.png; sourceTree = "<group>"; };
		B87FC11A189D859400AF60FD /* bin222M@2x.png */ = {isa = PBXFileReference; lastKnownFileType = image.png; name = "bin222M@2x.png"; path = "ListMe2/Icons/bin222M@2x.png"; sourceTree = "<group>"; };
		B87FC11B189D859400AF60FD /* folder22.png */ = {isa = PBXFileReference; lastKnownFileType = image.png; name = folder22.png; path = ListMe2/Icons/folder22.png; sourceTree = "<group>"; };
		B87FC11C189D859400AF60FD /* folder22@2x.png */ = {isa = PBXFileReference; lastKnownFileType = image.png; name = "folder22@2x.png"; path = "ListMe2/Icons/folder22@2x.png"; sourceTree = "<group>"; };
		B87FC121189D8ACF00AF60FD /* crateM.png */ = {isa = PBXFileReference; lastKnownFileType = image.png; name = crateM.png; path = ListMe2/Icons/crateM.png; sourceTree = "<group>"; };
		B87FC122189D8ACF00AF60FD /* crateM@2x.png */ = {isa = PBXFileReference; lastKnownFileType = image.png; name = "crateM@2x.png"; path = "ListMe2/Icons/crateM@2x.png"; sourceTree = "<group>"; };
		B895D26F189E7EC400BAF7FB /* Main.storyboard */ = {isa = PBXFileReference; fileEncoding = 4; lastKnownFileType = file.storyboard; path = Main.storyboard; sourceTree = "<group>"; };
		B895D274189E863200BAF7FB /* XYZTopEditNavigationController.h */ = {isa = PBXFileReference; fileEncoding = 4; lastKnownFileType = sourcecode.c.h; path = XYZTopEditNavigationController.h; sourceTree = "<group>"; };
		B895D275189E863200BAF7FB /* XYZTopEditNavigationController.m */ = {isa = PBXFileReference; fileEncoding = 4; lastKnownFileType = sourcecode.c.objc; path = XYZTopEditNavigationController.m; sourceTree = "<group>"; };
		B895D277189E877800BAF7FB /* XYZTopEditTableViewController.h */ = {isa = PBXFileReference; fileEncoding = 4; lastKnownFileType = sourcecode.c.h; path = XYZTopEditTableViewController.h; sourceTree = "<group>"; };
		B895D278189E877800BAF7FB /* XYZTopEditTableViewController.m */ = {isa = PBXFileReference; fileEncoding = 4; lastKnownFileType = sourcecode.c.objc; path = XYZTopEditTableViewController.m; sourceTree = "<group>"; };
		B895D27A189E919D00BAF7FB /* XYZTopViewController.h */ = {isa = PBXFileReference; fileEncoding = 4; lastKnownFileType = sourcecode.c.h; path = XYZTopViewController.h; sourceTree = "<group>"; };
		B895D27B189E919D00BAF7FB /* XYZTopViewController.m */ = {isa = PBXFileReference; fileEncoding = 4; lastKnownFileType = sourcecode.c.objc; path = XYZTopViewController.m; sourceTree = "<group>"; };
		B8AB0647189C1D6700E81E4F /* XYZOberViewController.h */ = {isa = PBXFileReference; fileEncoding = 4; lastKnownFileType = sourcecode.c.h; path = XYZOberViewController.h; sourceTree = "<group>"; };
		B8AB0648189C1D6700E81E4F /* XYZOberViewController.m */ = {isa = PBXFileReference; fileEncoding = 4; lastKnownFileType = sourcecode.c.objc; path = XYZOberViewController.m; sourceTree = "<group>"; };
		B8B95851189FD8E6007928BB /* clear-button-114.png */ = {isa = PBXFileReference; lastKnownFileType = image.png; name = "clear-button-114.png"; path = "ListMe2/Icons/clear-button-114.png"; sourceTree = "<group>"; };
		B8B95853189FDE1E007928BB /* XYZTopEditTableViewController+TapRecognizer.h */ = {isa = PBXFileReference; fileEncoding = 4; lastKnownFileType = sourcecode.c.h; path = "XYZTopEditTableViewController+TapRecognizer.h"; sourceTree = "<group>"; };
		B8B95854189FDE1E007928BB /* XYZTopEditTableViewController+TapRecognizer.m */ = {isa = PBXFileReference; fileEncoding = 4; lastKnownFileType = sourcecode.c.objc; path = "XYZTopEditTableViewController+TapRecognizer.m"; sourceTree = "<group>"; };
		B8BA195018A03FED00EB49A1 /* BVReorderTableView.h */ = {isa = PBXFileReference; fileEncoding = 4; lastKnownFileType = sourcecode.c.h; path = BVReorderTableView.h; sourceTree = "<group>"; };
		B8BA195118A03FED00EB49A1 /* BVReorderTableView.m */ = {isa = PBXFileReference; fileEncoding = 4; lastKnownFileType = sourcecode.c.objc; path = BVReorderTableView.m; sourceTree = "<group>"; };
		B8BA195318A041A200EB49A1 /* QuartzCore.framework */ = {isa = PBXFileReference; lastKnownFileType = wrapper.framework; name = QuartzCore.framework; path = System/Library/Frameworks/QuartzCore.framework; sourceTree = SDKROOT; };
/* End PBXFileReference section */

/* Begin PBXFrameworksBuildPhase section */
		B806B729189BD14600C19AC0 /* Frameworks */ = {
			isa = PBXFrameworksBuildPhase;
			buildActionMask = 2147483647;
			files = (
				B806B732189BD14600C19AC0 /* CoreGraphics.framework in Frameworks */,
				B806B734189BD14600C19AC0 /* UIKit.framework in Frameworks */,
				B806B730189BD14600C19AC0 /* Foundation.framework in Frameworks */,
			);
			runOnlyForDeploymentPostprocessing = 0;
		};
		B806B74A189BD14600C19AC0 /* Frameworks */ = {
			isa = PBXFrameworksBuildPhase;
			buildActionMask = 2147483647;
			files = (
				B806B74F189BD14600C19AC0 /* XCTest.framework in Frameworks */,
				B806B751189BD14600C19AC0 /* UIKit.framework in Frameworks */,
				B806B750189BD14600C19AC0 /* Foundation.framework in Frameworks */,
			);
			runOnlyForDeploymentPostprocessing = 0;
		};
/* End PBXFrameworksBuildPhase section */

/* Begin PBXGroup section */
		B802CC7B189EF1A1006D607C /* Data Persist Files */ = {
			isa = PBXGroup;
			children = (
				B802CC75189EF146006D607C /* XYZGlobalContainer.h */,
				B802CC78189EF180006D607C /* XYZToDoItem.h */,
				B802CC79189EF180006D607C /* XYZToDoItem.m */,
				B802CC76189EF146006D607C /* XYZGlobalContainer.m */,
			);
			name = "Data Persist Files";
			sourceTree = "<group>";
		};
		B806B723189BD14600C19AC0 = {
			isa = PBXGroup;
			children = (
				B806B767189BDF6400C19AC0 /* Icons */,
				B806B735189BD14600C19AC0 /* ListMe2 */,
				B806B754189BD14600C19AC0 /* ListMe2Tests */,
				B806B72E189BD14600C19AC0 /* Frameworks */,
				B806B72D189BD14600C19AC0 /* Products */,
			);
			sourceTree = "<group>";
		};
		B806B72D189BD14600C19AC0 /* Products */ = {
			isa = PBXGroup;
			children = (
				B806B72C189BD14600C19AC0 /* ListMe2.app */,
				B806B74D189BD14600C19AC0 /* ListMe2Tests.xctest */,
			);
			name = Products;
			sourceTree = "<group>";
		};
		B806B72E189BD14600C19AC0 /* Frameworks */ = {
			isa = PBXGroup;
			children = (
				B8BA195318A041A200EB49A1 /* QuartzCore.framework */,
				B806B72F189BD14600C19AC0 /* Foundation.framework */,
				B806B731189BD14600C19AC0 /* CoreGraphics.framework */,
				B806B733189BD14600C19AC0 /* UIKit.framework */,
				B806B74E189BD14600C19AC0 /* XCTest.framework */,
			);
			name = Frameworks;
			sourceTree = "<group>";
		};
		B806B735189BD14600C19AC0 /* ListMe2 */ = {
			isa = PBXGroup;
			children = (
				B8BA195518A0F2BD00EB49A1 /* BVTableReorder */,
				B8361BF5189FFEEF00787AE5 /* Main Table View */,
				B8361BF4189FFED500787AE5 /* TopMenu */,
				B8361BF3189FFDA400787AE5 /* Top Edit */,
				B8361BF2189FFD7A00787AE5 /* Class categories */,
				B802CC7B189EF1A1006D607C /* Data Persist Files */,
				B802CC56189EBCC1006D607C /* XYZInfoViewController.h */,
				B802CC57189EBCC1006D607C /* XYZInfoViewController.m */,
				B895D26F189E7EC400BAF7FB /* Main.storyboard */,
				B806B73E189BD14600C19AC0 /* XYZAppDelegate.h */,
				B806B73F189BD14600C19AC0 /* XYZAppDelegate.m */,
				B8AB0647189C1D6700E81E4F /* XYZOberViewController.h */,
				B8AB0648189C1D6700E81E4F /* XYZOberViewController.m */,
				B806B747189BD14600C19AC0 /* Images.xcassets */,
				B806B736189BD14600C19AC0 /* Supporting Files */,
			);
			path = ListMe2;
			sourceTree = "<group>";
		};
		B806B736189BD14600C19AC0 /* Supporting Files */ = {
			isa = PBXGroup;
			children = (
				B806B737189BD14600C19AC0 /* ListMe2-Info.plist */,
				B806B738189BD14600C19AC0 /* InfoPlist.strings */,
				B806B73B189BD14600C19AC0 /* main.m */,
				B806B73D189BD14600C19AC0 /* ListMe2-Prefix.pch */,
			);
			name = "Supporting Files";
			sourceTree = "<group>";
		};
		B806B754189BD14600C19AC0 /* ListMe2Tests */ = {
			isa = PBXGroup;
			children = (
				B806B75A189BD14600C19AC0 /* ListMe2Tests.m */,
				B806B755189BD14600C19AC0 /* Supporting Files */,
			);
			path = ListMe2Tests;
			sourceTree = "<group>";
		};
		B806B755189BD14600C19AC0 /* Supporting Files */ = {
			isa = PBXGroup;
			children = (
				B806B756189BD14600C19AC0 /* ListMe2Tests-Info.plist */,
				B806B757189BD14600C19AC0 /* InfoPlist.strings */,
			);
			name = "Supporting Files";
			sourceTree = "<group>";
		};
		B806B767189BDF6400C19AC0 /* Icons */ = {
			isa = PBXGroup;
			children = (
				B8B95851189FD8E6007928BB /* clear-button-114.png */,
				B802CC71189EEC91006D607C /* compose.png */,
				B802CC72189EEC91006D607C /* compose@2x.png */,
				B802CC65189ED8E8006D607C /* email.png */,
				B802CC66189ED8E8006D607C /* email@2x.png */,
				B802CC61189ED285006D607C /* backButton.png */,
				B802CC62189ED285006D607C /* backButton@2x.png */,
				B802CC5D189ECEFA006D607C /* info2.png */,
				B802CC5E189ECEFA006D607C /* info2@2x.png */,
				B802CC59189EC47D006D607C /* xbutton.png */,
				B802CC5A189EC47D006D607C /* xbutton@2x.png */,
				B802CC52189EB131006D607C /* info.png */,
				B802CC53189EB131006D607C /* info@2x.png */,
				B8094177189DAE5700FE81EB /* crateM1.png */,
				B8094178189DAE5700FE81EB /* crateM1@2x.png */,
				B87FC121189D8ACF00AF60FD /* crateM.png */,
				B87FC122189D8ACF00AF60FD /* crateM@2x.png */,
				B87FC119189D859400AF60FD /* bin222M.png */,
				B87FC11A189D859400AF60FD /* bin222M@2x.png */,
				B87FC11B189D859400AF60FD /* folder22.png */,
				B87FC11C189D859400AF60FD /* folder22@2x.png */,
				B802CC69189EE19A006D607C /* folder22-wide.png */,
				B802CC6A189EE19A006D607C /* folder22-wide@2x.png */,
				B8006963189D8207001F03BD /* finishFlag22@2x.png */,
				B8006962189D8207001F03BD /* finishFlag22.png */,
			);
			name = Icons;
			sourceTree = "<group>";
		};
		B8361BF2189FFD7A00787AE5 /* Class categories */ = {
			isa = PBXGroup;
			children = (
				B8361BF0189FFA6400787AE5 /* NSString+IsEmpty.m */,
				B8361BEF189FFA6400787AE5 /* NSString+IsEmpty.h */,
			);
			name = "Class categories";
			sourceTree = "<group>";
		};
		B8361BF3189FFDA400787AE5 /* Top Edit */ = {
			isa = PBXGroup;
			children = (
				B895D274189E863200BAF7FB /* XYZTopEditNavigationController.h */,
				B895D275189E863200BAF7FB /* XYZTopEditNavigationController.m */,
				B895D277189E877800BAF7FB /* XYZTopEditTableViewController.h */,
				B895D278189E877800BAF7FB /* XYZTopEditTableViewController.m */,
				B8B95853189FDE1E007928BB /* XYZTopEditTableViewController+TapRecognizer.h */,
				B8B95854189FDE1E007928BB /* XYZTopEditTableViewController+TapRecognizer.m */,
			);
			name = "Top Edit";
			sourceTree = "<group>";
		};
		B8361BF4189FFED500787AE5 /* TopMenu */ = {
			isa = PBXGroup;
			children = (
				B895D27A189E919D00BAF7FB /* XYZTopViewController.h */,
				B895D27B189E919D00BAF7FB /* XYZTopViewController.m */,
			);
			name = TopMenu;
			sourceTree = "<group>";
		};
		B8361BF5189FFEEF00787AE5 /* Main Table View */ = {
			isa = PBXGroup;
			children = (
				B806B764189BD1A600C19AC0 /* XYZMainViewController.h */,
				B806B765189BD1A600C19AC0 /* XYZMainViewController.m */,
				B8361BF918A0020200787AE5 /* XYZMainViewController+GestureRecognizers.h */,
				B8361BFA18A0020200787AE5 /* XYZMainViewController+GestureRecognizers.m */,
			);
			name = "Main Table View";
			sourceTree = "<group>";
		};
		B8BA195518A0F2BD00EB49A1 /* BVTableReorder */ = {
			isa = PBXGroup;
			children = (
				B8BA195018A03FED00EB49A1 /* BVReorderTableView.h */,
				B8BA195118A03FED00EB49A1 /* BVReorderTableView.m */,
			);
			name = BVTableReorder;
			sourceTree = "<group>";
		};
/* End PBXGroup section */

/* Begin PBXNativeTarget section */
		B806B72B189BD14600C19AC0 /* ListMe2 */ = {
			isa = PBXNativeTarget;
			buildConfigurationList = B806B75E189BD14600C19AC0 /* Build configuration list for PBXNativeTarget "ListMe2" */;
			buildPhases = (
				B806B728189BD14600C19AC0 /* Sources */,
				B806B729189BD14600C19AC0 /* Frameworks */,
				B806B72A189BD14600C19AC0 /* Resources */,
			);
			buildRules = (
			);
			dependencies = (
			);
			name = ListMe2;
			productName = ListMe2;
			productReference = B806B72C189BD14600C19AC0 /* ListMe2.app */;
			productType = "com.apple.product-type.application";
		};
		B806B74C189BD14600C19AC0 /* ListMe2Tests */ = {
			isa = PBXNativeTarget;
			buildConfigurationList = B806B761189BD14600C19AC0 /* Build configuration list for PBXNativeTarget "ListMe2Tests" */;
			buildPhases = (
				B806B749189BD14600C19AC0 /* Sources */,
				B806B74A189BD14600C19AC0 /* Frameworks */,
				B806B74B189BD14600C19AC0 /* Resources */,
			);
			buildRules = (
			);
			dependencies = (
				B806B753189BD14600C19AC0 /* PBXTargetDependency */,
			);
			name = ListMe2Tests;
			productName = ListMe2Tests;
			productReference = B806B74D189BD14600C19AC0 /* ListMe2Tests.xctest */;
			productType = "com.apple.product-type.bundle.unit-test";
		};
/* End PBXNativeTarget section */

/* Begin PBXProject section */
		B806B724189BD14600C19AC0 /* Project object */ = {
			isa = PBXProject;
			attributes = {
				CLASSPREFIX = XYZ;
				LastUpgradeCheck = 0500;
				ORGANIZATIONNAME = BQDev;
				TargetAttributes = {
					B806B74C189BD14600C19AC0 = {
						TestTargetID = B806B72B189BD14600C19AC0;
					};
				};
			};
			buildConfigurationList = B806B727189BD14600C19AC0 /* Build configuration list for PBXProject "ListMe2" */;
			compatibilityVersion = "Xcode 3.2";
			developmentRegion = English;
			hasScannedForEncodings = 0;
			knownRegions = (
				en,
				Base,
			);
			mainGroup = B806B723189BD14600C19AC0;
			productRefGroup = B806B72D189BD14600C19AC0 /* Products */;
			projectDirPath = "";
			projectRoot = "";
			targets = (
				B806B72B189BD14600C19AC0 /* ListMe2 */,
				B806B74C189BD14600C19AC0 /* ListMe2Tests */,
			);
		};
/* End PBXProject section */

/* Begin PBXResourcesBuildPhase section */
		B806B72A189BD14600C19AC0 /* Resources */ = {
			isa = PBXResourcesBuildPhase;
			buildActionMask = 2147483647;
			files = (
				B802CC67189ED8E8006D607C /* email.png in Resources */,
				B87FC11D189D859400AF60FD /* bin222M.png in Resources */,
				B802CC6B189EE19A006D607C /* folder22-wide.png in Resources */,
				B802CC64189ED285006D607C /* backButton@2x.png in Resources */,
				B802CC54189EB131006D607C /* info.png in Resources */,
				B802CC63189ED285006D607C /* backButton.png in Resources */,
				B8B95852189FD8E6007928BB /* clear-button-114.png in Resources */,
				B802CC73189EEC91006D607C /* compose.png in Resources */,
				B802CC5B189EC47D006D607C /* xbutton.png in Resources */,
				B802CC68189ED8E8006D607C /* email@2x.png in Resources */,
				B802CC60189ECEFA006D607C /* info2@2x.png in Resources */,
				B87FC123189D8ACF00AF60FD /* crateM.png in Resources */,
				B806B748189BD14600C19AC0 /* Images.xcassets in Resources */,
				B809417A189DAE5700FE81EB /* crateM1@2x.png in Resources */,
				B802CC5C189EC47D006D607C /* xbutton@2x.png in Resources */,
				B8006965189D8207001F03BD /* finishFlag22@2x.png in Resources */,
				B802CC6C189EE19A006D607C /* folder22-wide@2x.png in Resources */,
				B802CC5F189ECEFA006D607C /* info2.png in Resources */,
				B806B73A189BD14600C19AC0 /* InfoPlist.strings in Resources */,
				B87FC120189D859400AF60FD /* folder22@2x.png in Resources */,
				B895D270189E7EC400BAF7FB /* Main.storyboard in Resources */,
				B8094179189DAE5700FE81EB /* crateM1.png in Resources */,
				B87FC11E189D859400AF60FD /* bin222M@2x.png in Resources */,
				B802CC74189EEC91006D607C /* compose@2x.png in Resources */,
				B8006964189D8207001F03BD /* finishFlag22.png in Resources */,
				B802CC55189EB131006D607C /* info@2x.png in Resources */,
				B87FC11F189D859400AF60FD /* folder22.png in Resources */,
				B87FC124189D8ACF00AF60FD /* crateM@2x.png in Resources */,
			);
			runOnlyForDeploymentPostprocessing = 0;
		};
		B806B74B189BD14600C19AC0 /* Resources */ = {
			isa = PBXResourcesBuildPhase;
			buildActionMask = 2147483647;
			files = (
				B806B759189BD14600C19AC0 /* InfoPlist.strings in Resources */,
			);
			runOnlyForDeploymentPostprocessing = 0;
		};
/* End PBXResourcesBuildPhase section */

/* Begin PBXSourcesBuildPhase section */
		B806B728189BD14600C19AC0 /* Sources */ = {
			isa = PBXSourcesBuildPhase;
			buildActionMask = 2147483647;
			files = (
				B8AB0649189C1D6700E81E4F /* XYZOberViewController.m in Sources */,
				B8361BFB18A0020200787AE5 /* XYZMainViewController+GestureRecognizers.m in Sources */,
				B802CC77189EF146006D607C /* XYZGlobalContainer.m in Sources */,
				B806B766189BD1A600C19AC0 /* XYZMainViewController.m in Sources */,
				B806B740189BD14600C19AC0 /* XYZAppDelegate.m in Sources */,
				B895D279189E877800BAF7FB /* XYZTopEditTableViewController.m in Sources */,
				B806B73C189BD14600C19AC0 /* main.m in Sources */,
				B895D27C189E919D00BAF7FB /* XYZTopViewController.m in Sources */,
				B802CC58189EBCC1006D607C /* XYZInfoViewController.m in Sources */,
				B8361BF1189FFA6400787AE5 /* NSString+IsEmpty.m in Sources */,
				B895D276189E863200BAF7FB /* XYZTopEditNavigationController.m in Sources */,
				B802CC7A189EF180006D607C /* XYZToDoItem.m in Sources */,
				B8B95855189FDE1E007928BB /* XYZTopEditTableViewController+TapRecognizer.m in Sources */,
				B8BA195218A03FED00EB49A1 /* BVReorderTableView.m in Sources */,
			);
			runOnlyForDeploymentPostprocessing = 0;
		};
		B806B749189BD14600C19AC0 /* Sources */ = {
			isa = PBXSourcesBuildPhase;
			buildActionMask = 2147483647;
			files = (
				B806B75B189BD14600C19AC0 /* ListMe2Tests.m in Sources */,
			);
			runOnlyForDeploymentPostprocessing = 0;
		};
/* End PBXSourcesBuildPhase section */

/* Begin PBXTargetDependency section */
		B806B753189BD14600C19AC0 /* PBXTargetDependency */ = {
			isa = PBXTargetDependency;
			target = B806B72B189BD14600C19AC0 /* ListMe2 */;
			targetProxy = B806B752189BD14600C19AC0 /* PBXContainerItemProxy */;
		};
/* End PBXTargetDependency section */

/* Begin PBXVariantGroup section */
		B806B738189BD14600C19AC0 /* InfoPlist.strings */ = {
			isa = PBXVariantGroup;
			children = (
				B806B739189BD14600C19AC0 /* en */,
			);
			name = InfoPlist.strings;
			sourceTree = "<group>";
		};
		B806B757189BD14600C19AC0 /* InfoPlist.strings */ = {
			isa = PBXVariantGroup;
			children = (
				B806B758189BD14600C19AC0 /* en */,
			);
			name = InfoPlist.strings;
			sourceTree = "<group>";
		};
/* End PBXVariantGroup section */

/* Begin XCBuildConfiguration section */
		B806B75C189BD14600C19AC0 /* Debug */ = {
			isa = XCBuildConfiguration;
			buildSettings = {
				ALWAYS_SEARCH_USER_PATHS = NO;
				ARCHS = "$(ARCHS_STANDARD_INCLUDING_64_BIT)";
				CLANG_CXX_LANGUAGE_STANDARD = "gnu++0x";
				CLANG_CXX_LIBRARY = "libc++";
				CLANG_ENABLE_MODULES = YES;
				CLANG_ENABLE_OBJC_ARC = YES;
				CLANG_WARN_BOOL_CONVERSION = YES;
				CLANG_WARN_CONSTANT_CONVERSION = YES;
				CLANG_WARN_DIRECT_OBJC_ISA_USAGE = YES_ERROR;
				CLANG_WARN_EMPTY_BODY = YES;
				CLANG_WARN_ENUM_CONVERSION = YES;
				CLANG_WARN_INT_CONVERSION = YES;
				CLANG_WARN_OBJC_ROOT_CLASS = YES_ERROR;
				CLANG_WARN__DUPLICATE_METHOD_MATCH = YES;
				"CODE_SIGN_IDENTITY[sdk=iphoneos*]" = "iPhone Developer";
				COPY_PHASE_STRIP = NO;
				GCC_C_LANGUAGE_STANDARD = gnu99;
				GCC_DYNAMIC_NO_PIC = NO;
				GCC_OPTIMIZATION_LEVEL = 0;
				GCC_PREPROCESSOR_DEFINITIONS = (
					"DEBUG=1",
					"$(inherited)",
				);
				GCC_SYMBOLS_PRIVATE_EXTERN = NO;
				GCC_WARN_64_TO_32_BIT_CONVERSION = YES;
				GCC_WARN_ABOUT_RETURN_TYPE = YES_ERROR;
				GCC_WARN_UNDECLARED_SELECTOR = YES;
				GCC_WARN_UNINITIALIZED_AUTOS = YES;
				GCC_WARN_UNUSED_FUNCTION = YES;
				GCC_WARN_UNUSED_VARIABLE = YES;
				IPHONEOS_DEPLOYMENT_TARGET = 7.0;
				ONLY_ACTIVE_ARCH = YES;
				SCAN_ALL_SOURCE_FILES_FOR_INCLUDES = NO;
				SDKROOT = iphoneos;
			};
			name = Debug;
		};
		B806B75D189BD14600C19AC0 /* Release */ = {
			isa = XCBuildConfiguration;
			buildSettings = {
				ALWAYS_SEARCH_USER_PATHS = NO;
				ARCHS = "$(ARCHS_STANDARD_INCLUDING_64_BIT)";
				CLANG_CXX_LANGUAGE_STANDARD = "gnu++0x";
				CLANG_CXX_LIBRARY = "libc++";
				CLANG_ENABLE_MODULES = YES;
				CLANG_ENABLE_OBJC_ARC = YES;
				CLANG_WARN_BOOL_CONVERSION = YES;
				CLANG_WARN_CONSTANT_CONVERSION = YES;
				CLANG_WARN_DIRECT_OBJC_ISA_USAGE = YES_ERROR;
				CLANG_WARN_EMPTY_BODY = YES;
				CLANG_WARN_ENUM_CONVERSION = YES;
				CLANG_WARN_INT_CONVERSION = YES;
				CLANG_WARN_OBJC_ROOT_CLASS = YES_ERROR;
				CLANG_WARN__DUPLICATE_METHOD_MATCH = YES;
				"CODE_SIGN_IDENTITY[sdk=iphoneos*]" = "iPhone Developer";
				COPY_PHASE_STRIP = YES;
				ENABLE_NS_ASSERTIONS = NO;
				GCC_C_LANGUAGE_STANDARD = gnu99;
				GCC_WARN_64_TO_32_BIT_CONVERSION = YES;
				GCC_WARN_ABOUT_RETURN_TYPE = YES_ERROR;
				GCC_WARN_UNDECLARED_SELECTOR = YES;
				GCC_WARN_UNINITIALIZED_AUTOS = YES;
				GCC_WARN_UNUSED_FUNCTION = YES;
				GCC_WARN_UNUSED_VARIABLE = YES;
				IPHONEOS_DEPLOYMENT_TARGET = 7.0;
				SCAN_ALL_SOURCE_FILES_FOR_INCLUDES = NO;
				SDKROOT = iphoneos;
				VALIDATE_PRODUCT = YES;
			};
			name = Release;
		};
		B806B75F189BD14600C19AC0 /* Debug */ = {
			isa = XCBuildConfiguration;
			buildSettings = {
				ASSETCATALOG_COMPILER_APPICON_NAME = AppIcon;
				ASSETCATALOG_COMPILER_LAUNCHIMAGE_NAME = LaunchImage;
				GCC_PRECOMPILE_PREFIX_HEADER = YES;
				GCC_PREFIX_HEADER = "ListMe2/ListMe2-Prefix.pch";
				INFOPLIST_FILE = "ListMe2/ListMe2-Info.plist";
				IPHONEOS_DEPLOYMENT_TARGET = 6.0;
				PRODUCT_NAME = "$(TARGET_NAME)";
				WRAPPER_EXTENSION = app;
			};
			name = Debug;
		};
		B806B760189BD14600C19AC0 /* Release */ = {
			isa = XCBuildConfiguration;
			buildSettings = {
				ASSETCATALOG_COMPILER_APPICON_NAME = AppIcon;
				ASSETCATALOG_COMPILER_LAUNCHIMAGE_NAME = LaunchImage;
				GCC_PRECOMPILE_PREFIX_HEADER = YES;
				GCC_PREFIX_HEADER = "ListMe2/ListMe2-Prefix.pch";
				INFOPLIST_FILE = "ListMe2/ListMe2-Info.plist";
				IPHONEOS_DEPLOYMENT_TARGET = 6.0;
				PRODUCT_NAME = "$(TARGET_NAME)";
				WRAPPER_EXTENSION = app;
			};
			name = Release;
		};
		B806B762189BD14600C19AC0 /* Debug */ = {
			isa = XCBuildConfiguration;
			buildSettings = {
				ARCHS = "$(ARCHS_STANDARD_INCLUDING_64_BIT)";
				BUNDLE_LOADER = "$(BUILT_PRODUCTS_DIR)/ListMe2.app/ListMe2";
				FRAMEWORK_SEARCH_PATHS = (
					"$(SDKROOT)/Developer/Library/Frameworks",
					"$(inherited)",
					"$(DEVELOPER_FRAMEWORKS_DIR)",
				);
				GCC_PRECOMPILE_PREFIX_HEADER = YES;
				GCC_PREFIX_HEADER = "ListMe2/ListMe2-Prefix.pch";
				GCC_PREPROCESSOR_DEFINITIONS = (
					"DEBUG=1",
					"$(inherited)",
				);
				INFOPLIST_FILE = "ListMe2Tests/ListMe2Tests-Info.plist";
				PRODUCT_NAME = "$(TARGET_NAME)";
				TEST_HOST = "$(BUNDLE_LOADER)";
				WRAPPER_EXTENSION = xctest;
			};
			name = Debug;
		};
		B806B763189BD14600C19AC0 /* Release */ = {
			isa = XCBuildConfiguration;
			buildSettings = {
				ARCHS = "$(ARCHS_STANDARD_INCLUDING_64_BIT)";
				BUNDLE_LOADER = "$(BUILT_PRODUCTS_DIR)/ListMe2.app/ListMe2";
				FRAMEWORK_SEARCH_PATHS = (
					"$(SDKROOT)/Developer/Library/Frameworks",
					"$(inherited)",
					"$(DEVELOPER_FRAMEWORKS_DIR)",
				);
				GCC_PRECOMPILE_PREFIX_HEADER = YES;
				GCC_PREFIX_HEADER = "ListMe2/ListMe2-Prefix.pch";
				INFOPLIST_FILE = "ListMe2Tests/ListMe2Tests-Info.plist";
				PRODUCT_NAME = "$(TARGET_NAME)";
				TEST_HOST = "$(BUNDLE_LOADER)";
				WRAPPER_EXTENSION = xctest;
			};
			name = Release;
		};
/* End XCBuildConfiguration section */

/* Begin XCConfigurationList section */
		B806B727189BD14600C19AC0 /* Build configuration list for PBXProject "ListMe2" */ = {
			isa = XCConfigurationList;
			buildConfigurations = (
				B806B75C189BD14600C19AC0 /* Debug */,
				B806B75D189BD14600C19AC0 /* Release */,
			);
			defaultConfigurationIsVisible = 0;
			defaultConfigurationName = Release;
		};
		B806B75E189BD14600C19AC0 /* Build configuration list for PBXNativeTarget "ListMe2" */ = {
			isa = XCConfigurationList;
			buildConfigurations = (
				B806B75F189BD14600C19AC0 /* Debug */,
				B806B760189BD14600C19AC0 /* Release */,
			);
			defaultConfigurationIsVisible = 0;
			defaultConfigurationName = Release;
		};
		B806B761189BD14600C19AC0 /* Build configuration list for PBXNativeTarget "ListMe2Tests" */ = {
			isa = XCConfigurationList;
			buildConfigurations = (
				B806B762189BD14600C19AC0 /* Debug */,
				B806B763189BD14600C19AC0 /* Release */,
			);
			defaultConfigurationIsVisible = 0;
			defaultConfigurationName = Release;
		};
/* End XCConfigurationList section */
	};
	rootObject = B806B724189BD14600C19AC0 /* Project object */;
}
